
Microsoft Visual Studio Solution File, Format Version 12.00
# Visual Studio Version 16
VisualStudioVersion = 16.0.31112.23
MinimumVisualStudioVersion = 10.0.40219.1
Project("{FAE04EC0-301F-11D3-BF4B-00C04F79EFBC}") = "SchoolOnlineExamination", "SchoolOnlineExamination\SchoolOnlineExamination.csproj", "{8A824B8C-C8BE-4353-A96E-C03C10459E4A}"
EndProject
Global
	GlobalSection(SolutionConfigurationPlatforms) = preSolution
		Debug|Any CPU = Debug|Any CPU
		Release|Any CPU = Release|Any CPU
	EndGlobalSection
	GlobalSection(ProjectConfigurationPlatforms) = postSolution
		{8A824B8C-C8BE-4353-A96E-C03C10459E4A}.Debug|Any CPU.ActiveCfg = Debug|Any CPU
		{8A824B8C-C8BE-4353-A96E-C03C10459E4A}.Debug|Any CPU.Build.0 = Debug|Any CPU
		{8A824B8C-C8BE-4353-A96E-C03C10459E4A}.Release|Any CPU.ActiveCfg = Release|Any CPU
		{8A824B8C-C8BE-4353-A96E-C03C10459E4A}.Release|Any CPU.Build.0 = Release|Any CPU
	EndGlobalSection
	GlobalSection(SolutionProperties) = preSolution
		HideSolutionNode = FALSE
	EndGlobalSection
	GlobalSection(ExtensibilityGlobals) = postSolution
		SolutionGuid = {0B6C605B-FDFE-4E93-AE85-5D18A7A9469A}
	EndGlobalSection
EndGlobal
